{
  "name": "vscode-api-helper",
  "version": "0.0.1",
  "lockfileVersion": 3,
  "requires": true,
  "packages": {
    "": {
      "name": "vscode-api-helper",
      "version": "0.0.1",
      "license": "MIT",
      "dependencies": {
        "@types/node": "^18.14.2",
        "@types/vscode": "^1.75.1"
      }
    },
    "node_modules/@types/node": {
      "version": "18.14.2",
      "resolved": "https://registry.npmjs.org/@types/node/-/node-18.14.2.tgz",
      "integrity": "sha512-1uEQxww3DaghA0RxqHx0O0ppVlo43pJhepY51OxuQIKHpjbnYLA7vcdwioNPzIqmC2u3I/dmylcqjlh0e7AyUA=="
    },
    "node_modules/@types/vscode": {
      "version": "1.75.1",
      "resolved": "https://registry.npmjs.org/@types/vscode/-/vscode-1.75.1.tgz",
      "integrity": "sha512-emg7wdsTFzdi+elvoyoA+Q8keEautdQHyY5LNmHVM4PTpY8JgOTVADrGVyXGepJ6dVW2OS5/xnLUWh+nZxvdiA=="
    }
  }
}
